
Microsoft Visual Studio Solution File, Format Version 12.00
# Visual Studio 15
VisualStudioVersion = 15.0.27703.2000
MinimumVisualStudioVersion = 10.0.40219.1
Project("{FAE04EC0-301F-11D3-BF4B-00C04F79EFBC}") = "Assignment5", "Assignment5\Assignment5.csproj", "{A07D4935-E352-43F8-A5F9-E2F6E134E1D2}"
EndProject
Global
	GlobalSection(SolutionConfigurationPlatforms) = preSolution
		Debug|Any CPU = Debug|Any CPU
		Release|Any CPU = Release|Any CPU
	EndGlobalSection
	GlobalSection(ProjectConfigurationPlatforms) = postSolution
		{A07D4935-E352-43F8-A5F9-E2F6E134E1D2}.Debug|Any CPU.ActiveCfg = Debug|Any CPU
		{A07D4935-E352-43F8-A5F9-E2F6E134E1D2}.Debug|Any CPU.Build.0 = Debug|Any CPU
		{A07D4935-E352-43F8-A5F9-E2F6E134E1D2}.Release|Any CPU.ActiveCfg = Release|Any CPU
		{A07D4935-E352-43F8-A5F9-E2F6E134E1D2}.Release|Any CPU.Build.0 = Release|Any CPU
	EndGlobalSection
	GlobalSection(SolutionProperties) = preSolution
		HideSolutionNode = FALSE
	EndGlobalSection
	GlobalSection(ExtensibilityGlobals) = postSolution
		SolutionGuid = {9CCBF529-EA6C-4B37-A6F9-99FFF1E0EC65}
	EndGlobalSection
EndGlobal
