
Microsoft Visual Studio Solution File, Format Version 12.00
# Visual Studio 2013
VisualStudioVersion = 12.0.40629.0
MinimumVisualStudioVersion = 10.0.40219.1
Project("{FAE04EC0-301F-11D3-BF4B-00C04F79EFBC}") = "FormExample", "FormExample\FormExample.csproj", "{C22A8939-8272-4C9C-A77B-21FDF267908A}"
EndProject
Global
	GlobalSection(SolutionConfigurationPlatforms) = preSolution
		Debug|Any CPU = Debug|Any CPU
		Release|Any CPU = Release|Any CPU
	EndGlobalSection
	GlobalSection(ProjectConfigurationPlatforms) = postSolution
		{C22A8939-8272-4C9C-A77B-21FDF267908A}.Debug|Any CPU.ActiveCfg = Debug|Any CPU
		{C22A8939-8272-4C9C-A77B-21FDF267908A}.Debug|Any CPU.Build.0 = Debug|Any CPU
		{C22A8939-8272-4C9C-A77B-21FDF267908A}.Release|Any CPU.ActiveCfg = Release|Any CPU
		{C22A8939-8272-4C9C-A77B-21FDF267908A}.Release|Any CPU.Build.0 = Release|Any CPU
	EndGlobalSection
	GlobalSection(SolutionProperties) = preSolution
		HideSolutionNode = FALSE
	EndGlobalSection
EndGlobal
